
Microsoft Visual Studio Solution File, Format Version 12.00
# Visual Studio 15
VisualStudioVersion = 15.0.28307.1267
MinimumVisualStudioVersion = 10.0.40219.1
Project("{8BC9CEB8-8B4A-11D0-8D11-00A0C91BC942}") = "Server", "Server\Server.vcxproj", "{6A6003E1-554D-4407-81D2-4E67056F9CD3}"
EndProject
Project("{8BC9CEB8-8B4A-11D0-8D11-00A0C91BC942}") = "Client", "Client\Client.vcxproj", "{ACBD2FD7-2E9D-4FAA-A144-19A835A1A5EF}"
EndProject
Global
	GlobalSection(SolutionConfigurationPlatforms) = preSolution
		Debug|x64 = Debug|x64
		Debug|x86 = Debug|x86
		Release|x64 = Release|x64
		Release|x86 = Release|x86
	EndGlobalSection
	GlobalSection(ProjectConfigurationPlatforms) = postSolution
		{6A6003E1-554D-4407-81D2-4E67056F9CD3}.Debug|x64.ActiveCfg = Debug|x64
		{6A6003E1-554D-4407-81D2-4E67056F9CD3}.Debug|x64.Build.0 = Debug|x64
		{6A6003E1-554D-4407-81D2-4E67056F9CD3}.Debug|x86.ActiveCfg = Debug|Win32
		{6A6003E1-554D-4407-81D2-4E67056F9CD3}.Debug|x86.Build.0 = Debug|Win32
		{6A6003E1-554D-4407-81D2-4E67056F9CD3}.Release|x64.ActiveCfg = Release|x64
		{6A6003E1-554D-4407-81D2-4E67056F9CD3}.Release|x64.Build.0 = Release|x64
		{6A6003E1-554D-4407-81D2-4E67056F9CD3}.Release|x86.ActiveCfg = Release|Win32
		{6A6003E1-554D-4407-81D2-4E67056F9CD3}.Release|x86.Build.0 = Release|Win32
		{ACBD2FD7-2E9D-4FAA-A144-19A835A1A5EF}.Debug|x64.ActiveCfg = Debug|x64
		{ACBD2FD7-2E9D-4FAA-A144-19A835A1A5EF}.Debug|x64.Build.0 = Debug|x64
		{ACBD2FD7-2E9D-4FAA-A144-19A835A1A5EF}.Debug|x86.ActiveCfg = Debug|Win32
		{ACBD2FD7-2E9D-4FAA-A144-19A835A1A5EF}.Debug|x86.Build.0 = Debug|Win32
		{ACBD2FD7-2E9D-4FAA-A144-19A835A1A5EF}.Release|x64.ActiveCfg = Release|x64
		{ACBD2FD7-2E9D-4FAA-A144-19A835A1A5EF}.Release|x64.Build.0 = Release|x64
		{ACBD2FD7-2E9D-4FAA-A144-19A835A1A5EF}.Release|x86.ActiveCfg = Release|Win32
		{ACBD2FD7-2E9D-4FAA-A144-19A835A1A5EF}.Release|x86.Build.0 = Release|Win32
	EndGlobalSection
	GlobalSection(SolutionProperties) = preSolution
		HideSolutionNode = FALSE
	EndGlobalSection
	GlobalSection(ExtensibilityGlobals) = postSolution
		SolutionGuid = {A9E3C517-F6EF-4A24-926F-D11CB7C45B2A}
	EndGlobalSection
EndGlobal
